
Microsoft Visual Studio Solution File, Format Version 12.00
# Visual Studio Version 16
VisualStudioVersion = 16.0.30204.135
MinimumVisualStudioVersion = 10.0.40219.1
Project("{8BC9CEB8-8B4A-11D0-8D11-00A0C91BC942}") = "autovpn", "autovpn\autovpn.vcxproj", "{C2BDB5C0-585C-43E3-93F5-B5FE03941F9C}"
EndProject
Project("{930C7802-8A8C-48F9-8165-68863BCCD9DD}") = "installer", "installer\installer.wixproj", "{B93235FC-BB54-4638-A431-5FB5CDA4F9D7}"
EndProject
Project("{8BC9CEB8-8B4A-11D0-8D11-00A0C91BC942}") = "autovpnui", "autovpnui\autovpnui.vcxproj", "{736A3CF3-2252-4F13-B7D0-C5553C77A9C2}"
EndProject
Global
	GlobalSection(SolutionConfigurationPlatforms) = preSolution
		Debug|x64 = Debug|x64
		Debug|x86 = Debug|x86
		Release|x64 = Release|x64
		Release|x86 = Release|x86
	EndGlobalSection
	GlobalSection(ProjectConfigurationPlatforms) = postSolution
		{C2BDB5C0-585C-43E3-93F5-B5FE03941F9C}.Debug|x64.ActiveCfg = Debug|x64
		{C2BDB5C0-585C-43E3-93F5-B5FE03941F9C}.Debug|x64.Build.0 = Debug|x64
		{C2BDB5C0-585C-43E3-93F5-B5FE03941F9C}.Debug|x86.ActiveCfg = Debug|Win32
		{C2BDB5C0-585C-43E3-93F5-B5FE03941F9C}.Debug|x86.Build.0 = Debug|Win32
		{C2BDB5C0-585C-43E3-93F5-B5FE03941F9C}.Release|x64.ActiveCfg = Release|x64
		{C2BDB5C0-585C-43E3-93F5-B5FE03941F9C}.Release|x64.Build.0 = Release|x64
		{C2BDB5C0-585C-43E3-93F5-B5FE03941F9C}.Release|x86.ActiveCfg = Release|Win32
		{C2BDB5C0-585C-43E3-93F5-B5FE03941F9C}.Release|x86.Build.0 = Release|Win32
		{B93235FC-BB54-4638-A431-5FB5CDA4F9D7}.Debug|x64.ActiveCfg = Debug|x86
		{B93235FC-BB54-4638-A431-5FB5CDA4F9D7}.Debug|x86.ActiveCfg = Debug|x86
		{B93235FC-BB54-4638-A431-5FB5CDA4F9D7}.Debug|x86.Build.0 = Debug|x86
		{B93235FC-BB54-4638-A431-5FB5CDA4F9D7}.Release|x64.ActiveCfg = Release|x86
		{B93235FC-BB54-4638-A431-5FB5CDA4F9D7}.Release|x86.ActiveCfg = Release|x86
		{B93235FC-BB54-4638-A431-5FB5CDA4F9D7}.Release|x86.Build.0 = Release|x86
		{736A3CF3-2252-4F13-B7D0-C5553C77A9C2}.Debug|x64.ActiveCfg = Debug|x64
		{736A3CF3-2252-4F13-B7D0-C5553C77A9C2}.Debug|x64.Build.0 = Debug|x64
		{736A3CF3-2252-4F13-B7D0-C5553C77A9C2}.Debug|x86.ActiveCfg = Debug|Win32
		{736A3CF3-2252-4F13-B7D0-C5553C77A9C2}.Debug|x86.Build.0 = Debug|Win32
		{736A3CF3-2252-4F13-B7D0-C5553C77A9C2}.Release|x64.ActiveCfg = Release|x64
		{736A3CF3-2252-4F13-B7D0-C5553C77A9C2}.Release|x64.Build.0 = Release|x64
		{736A3CF3-2252-4F13-B7D0-C5553C77A9C2}.Release|x86.ActiveCfg = Release|Win32
		{736A3CF3-2252-4F13-B7D0-C5553C77A9C2}.Release|x86.Build.0 = Release|Win32
	EndGlobalSection
	GlobalSection(SolutionProperties) = preSolution
		HideSolutionNode = FALSE
	EndGlobalSection
	GlobalSection(ExtensibilityGlobals) = postSolution
		SolutionGuid = {5193B57E-B2DE-421C-BF4F-1FAAAC9EB825}
	EndGlobalSection
EndGlobal
